
Microsoft Visual Studio Solution File, Format Version 12.00
# Visual Studio Version 17
VisualStudioVersion = 17.6.33723.286
MinimumVisualStudioVersion = 10.0.40219.1
Project("{FAE04EC0-301F-11D3-BF4B-00C04F79EFBC}") = "DateAndHour", "DateAndHour\DateAndHour.csproj", "{AF3F19F4-3D0D-4017-BE21-8B52C195E479}"
EndProject
Global
	GlobalSection(SolutionConfigurationPlatforms) = preSolution
		Debug|Any CPU = Debug|Any CPU
		Release|Any CPU = Release|Any CPU
	EndGlobalSection
	GlobalSection(ProjectConfigurationPlatforms) = postSolution
		{AF3F19F4-3D0D-4017-BE21-8B52C195E479}.Debug|Any CPU.ActiveCfg = Debug|Any CPU
		{AF3F19F4-3D0D-4017-BE21-8B52C195E479}.Debug|Any CPU.Build.0 = Debug|Any CPU
		{AF3F19F4-3D0D-4017-BE21-8B52C195E479}.Release|Any CPU.ActiveCfg = Release|Any CPU
		{AF3F19F4-3D0D-4017-BE21-8B52C195E479}.Release|Any CPU.Build.0 = Release|Any CPU
	EndGlobalSection
	GlobalSection(SolutionProperties) = preSolution
		HideSolutionNode = FALSE
	EndGlobalSection
	GlobalSection(ExtensibilityGlobals) = postSolution
		SolutionGuid = {7CD53EB8-0170-4102-8441-255F2A4273CE}
	EndGlobalSection
EndGlobal
